{"SurveyEntry":{"SurveyID":"SV_7OJHqq1gm13yufc","SurveyName":"ChangeMakers Camp EMA","SurveyDescription":null,"SurveyOwnerID":"UR_6zEkNrd5oJemdxk","SurveyBrandID":"lsu","DivisionID":"DV_88v6d8JFUYZ5xci","SurveyLanguage":"EN","SurveyActiveResponseSet":"RS_3Jkqiolgg58PA3k","SurveyStatus":"Active","SurveyStartDate":"0000-00-00 00:00:00","SurveyExpirationDate":"0000-00-00 00:00:00","SurveyCreationDate":"2026-05-27 16:31:38","CreatorID":"UR_6zEkNrd5oJemdxk","LastModified":"2026-06-19 12:09:09","LastAccessed":"0000-00-00 00:00:00","LastActivated":"2026-05-27 17:57:36","Deleted":null},"SurveyElements":[{"SurveyID":"SV_7OJHqq1gm13yufc","Element":"BL","PrimaryAttribute":"Survey Blocks","SecondaryAttribute":null,"TertiaryAttribute":null,"Payload":[{"Type":"Default","Description":"Default Question Block","ID":"BL_9zDAqh10ISt6DBQ","BlockElements":[{"Type":"Question","QuestionID":"QID1","SkipLogic":[{"SkipLogicID":1,"ChoiceLocator":"q:\/\/QID1\/SelectableChoice\/1","Condition":"Selected","SkipToDestination":"QID3","Locator":"q:\/\/QID1\/SelectableChoice\/1","SkipToDescription":"Were you using a screen rig... <strong>Yes<\/strong>  <strong>Is Selected<\/strong>","Description":"Condition: <strong title=\"Yes\">Yes<\/strong> <strong>Is Selected<\/strong>. Skip To: <strong>What were you doing on the screen?<\/strong>.","QuestionID":"QID1"}]},{"Type":"Page Break"},{"Type":"Question","QuestionID":"QID2"},{"Type":"Page Break"},{"Type":"Question","QuestionID":"QID3"},{"Type":"Page Break"},{"Type":"Question","QuestionID":"QID4"},{"Type":"Page Break"},{"Type":"Question","QuestionID":"QID5","SkipLogic":[{"SkipLogicID":6,"ChoiceLocator":"q:\/\/QID5\/SelectableChoice\/1","Condition":"Selected","SkipToDestination":"QID7","Locator":"q:\/\/QID5\/SelectableChoice\/1","SkipToDescription":"Were you alone right before... <strong>Yes<\/strong>  <strong>Is Selected<\/strong>","Description":"Condition: <strong title=\"Yes\">Yes<\/strong> <strong>Is Selected<\/strong>. Skip To: <strong>Where were you just before you receiv...<\/strong>.","QuestionID":"QID5"}]},{"Type":"Page Break"},{"Type":"Question","QuestionID":"QID6"},{"Type":"Page Break"},{"Type":"Question","QuestionID":"QID7"}]},{"Type":"Trash","Description":"Trash \/ Unused Questions","ID":"BL_5cY2wH1x7Dn4siG","BlockElements":[]}]},{"SurveyID":"SV_7OJHqq1gm13yufc","Element":"FL","PrimaryAttribute":"Survey Flow","SecondaryAttribute":null,"TertiaryAttribute":null,"Payload":{"Type":"Root","FlowID":"FL_1","Flow":[{"Type":"EmbeddedData","FlowID":"FL_4","EmbeddedData":[{"Description":"PID","Type":"Recipient","Field":"PID","VariableType":"String","DataVisibility":[],"AnalyzeText":false},{"Description":"prompt_num","Type":"Recipient","Field":"prompt_num","VariableType":"String","DataVisibility":[],"AnalyzeText":false},{"Description":"block_num","Type":"Recipient","Field":"block_num","VariableType":"String","DataVisibility":[],"AnalyzeText":false},{"Description":"sent_at","Type":"Recipient","Field":"sent_at","VariableType":"String","DataVisibility":[],"AnalyzeText":false},{"Description":"within_window","Type":"Recipient","Field":"within_window","VariableType":"String","DataVisibility":[],"AnalyzeText":false},{"Description":"period","Type":"Recipient","Field":"period","VariableType":"String","DataVisibility":[],"AnalyzeText":false},{"Description":"day_num","Type":"Recipient","Field":"day_num","VariableType":"String","DataVisibility":[],"AnalyzeText":false}]},{"Type":"Block","ID":"BL_9zDAqh10ISt6DBQ","FlowID":"FL_2","Autofill":[]},{"Type":"EndSurvey","FlowID":"FL_5"}],"Properties":{"Count":5}}},{"SurveyID":"SV_7OJHqq1gm13yufc","Element":"PL","PrimaryAttribute":"Preview Link","SecondaryAttribute":null,"TertiaryAttribute":null,"Payload":{"PreviewType":"Brand","PreviewID":"9c3e5f7f-8b27-4eda-bb05-ccdb33067d59"}},{"SurveyID":"SV_7OJHqq1gm13yufc","Element":"PROJ","PrimaryAttribute":"CORE","SecondaryAttribute":null,"TertiaryAttribute":"1.1.0","Payload":{"ProjectCategory":"CORE","SchemaVersion":"1.1.0"}},{"SurveyID":"SV_7OJHqq1gm13yufc","Element":"QC","PrimaryAttribute":"Survey Question Count","SecondaryAttribute":"7","TertiaryAttribute":null,"Payload":null},{"SurveyID":"SV_7OJHqq1gm13yufc","Element":"RS","PrimaryAttribute":"RS_3Jkqiolgg58PA3k","SecondaryAttribute":"Default Response Set","TertiaryAttribute":null,"Payload":null},{"SurveyID":"SV_7OJHqq1gm13yufc","Element":"SCO","PrimaryAttribute":"Scoring","SecondaryAttribute":null,"TertiaryAttribute":null,"Payload":{"ScoringCategories":[],"ScoringCategoryGroups":[],"ScoringSummaryCategory":null,"ScoringSummaryAfterQuestions":0,"ScoringSummaryAfterSurvey":0,"DefaultScoringCategory":null,"AutoScoringCategory":null}},{"SurveyID":"SV_7OJHqq1gm13yufc","Element":"SO","PrimaryAttribute":"Survey Options","SecondaryAttribute":null,"TertiaryAttribute":null,"Payload":{"BackButton":"true","SaveAndContinue":"true","SurveyProtection":"PublicSurvey","BallotBoxStuffingPrevention":"false","NoIndex":"Yes","SecureResponseFiles":"true","SurveyExpiration":"None","SurveyTermination":"DefaultMessage","Header":"","Footer":"","ProgressBarDisplay":"None","PartialData":"+1 week","ValidationMessage":null,"PreviousButton":"","NextButton":"","SurveyTitle":"ChangeMakers Camp Check-in","SkinLibrary":"lsu","SkinType":"component","Skin":{"brandingId":"2078561208","templateId":"*simple","overrides":null},"NewScoring":1,"SurveyMetaDescription":"ChangeMakers Camp daily check-in.","SurveyName":"ChangeMakers Camp EMA","EOSMessage":null,"ShowExportTags":"false","CollectGeoLocation":"false","PasswordProtection":"No","AnonymizeResponse":"No","RefererCheck":"No","BallotBoxStuffingPreventionBehavior":null,"BallotBoxStuffingPreventionMessage":null,"BallotBoxStuffingPreventionMessageLibrary":null,"BallotBoxStuffingPreventionURL":null,"RecaptchaV3":"false","ConfirmStart":false,"AutoConfirmStart":false,"UseCustomSurveyLinkCompletedMessage":null,"SurveyLinkCompletedMessage":null,"SurveyLinkCompletedMessageLibrary":null,"ResponseSummary":"No","EOSMessageLibrary":null,"EOSRedirectURL":null,"EmailThankYou":"false","ThankYouEmailMessageLibrary":null,"ThankYouEmailMessage":null,"ValidateMessage":"false","ValidationMessageLibrary":null,"InactiveSurvey":"DefaultMessage","PartialDeletion":null,"PartialDataCloseAfter":"LastActivity","InactiveMessageLibrary":null,"InactiveMessage":null,"AvailableLanguages":{"EN":[]},"ProtectSelectionIds":true}},{"SurveyID":"SV_7OJHqq1gm13yufc","Element":"SQ","PrimaryAttribute":"QID1","SecondaryAttribute":"Were you using a screen right before the push notification?","TertiaryAttribute":null,"Payload":{"QuestionText":"Were you using a screen right before the push notification?","DataExportTag":"Q1","QuestionType":"MC","Selector":"SAVR","SubSelector":"TX","DataVisibility":{"Private":false,"Hidden":false},"Configuration":{"QuestionDescriptionOption":"UseText"},"QuestionDescription":"Were you using a screen right before the push notification?","Choices":{"1":{"Display":"Yes"},"2":{"Display":"No"}},"ChoiceOrder":[1,2],"Validation":{"Settings":{"ForceResponse":"ON","ForceResponseType":"ON","Type":"None"}},"Language":[],"NextChoiceId":3,"NextAnswerId":1,"QuestionID":"QID1"}},{"SurveyID":"SV_7OJHqq1gm13yufc","Element":"SQ","PrimaryAttribute":"QID2","SecondaryAttribute":"What were you doing right before you received the push notification? (Select all that apply.)","TertiaryAttribute":null,"Payload":{"QuestionText":"What were you doing right before you received the push notification? (Select all that apply.)","DefaultChoices":false,"DataExportTag":"Q2","QuestionType":"MC","Selector":"MAVR","SubSelector":"TX","DataVisibility":{"Private":false,"Hidden":false},"Configuration":{"QuestionDescriptionOption":"UseText"},"QuestionDescription":"What were you doing right before you received the push notification? (Select all that apply.)","Choices":{"1":{"Display":"Reading"},"2":{"Display":"School work, homework, or learning"},"3":{"Display":"Talking with friends or with others"},"4":{"Display":"Resting or relaxing"},"5":{"Display":"Chores"},"6":{"Display":"Sports, physical activity, or exercising"},"7":{"Display":"Eating or drinking"},"8":{"Display":"Other (please specify)","TextEntry":"true","ExclusiveAnswer":true}},"ChoiceOrder":[1,2,3,4,5,6,7,8],"Validation":{"Settings":{"ForceResponse":"ON","ForceResponseType":"ON","Type":"None"}},"GradingData":[],"Language":[],"NextChoiceId":9,"NextAnswerId":1,"QuestionID":"QID2"}},{"SurveyID":"SV_7OJHqq1gm13yufc","Element":"SQ","PrimaryAttribute":"QID3","SecondaryAttribute":"What were you doing on the screen? (Select all that apply.)","TertiaryAttribute":null,"Payload":{"QuestionText":"What were you doing on the screen?&nbsp;(Select all that apply.)","DefaultChoices":false,"DataExportTag":"Q3","QuestionType":"MC","Selector":"MAVR","SubSelector":"TX","DataVisibility":{"Private":false,"Hidden":false},"Configuration":{"QuestionDescriptionOption":"UseText"},"QuestionDescription":"What were you doing on the screen? (Select all that apply.)","Choices":{"1":{"Display":"Watch TV shows or movies"},"2":{"Display":"Watch short videos (YouTube, TikTok, Reels)"},"3":{"Display":"Video games"},"4":{"Display":"Social media or messaging"},"5":{"Display":"School work, homework or learning"},"6":{"Display":"Other (please specify)","TextEntry":"true","ExclusiveAnswer":true}},"ChoiceOrder":[1,2,3,4,5,6],"Validation":{"Settings":{"ForceResponse":"ON","ForceResponseType":"ON","Type":"None"}},"GradingData":[],"Language":[],"NextChoiceId":7,"NextAnswerId":1,"QuestionID":"QID3","DisplayLogic":{"0":{"0":{"LogicType":"Question","QuestionID":"QID1","QuestionIsInLoop":"no","ChoiceLocator":"q:\/\/QID1\/SelectableChoice\/1","Operator":"Selected","QuestionIDFromLocator":"QID1","LeftOperand":"q:\/\/QID1\/SelectableChoice\/1","Type":"Expression","Description":"<span class=\"ConjDesc\">If<\/span> <span class=\"LeftOpDesc\">Yes<\/span> <span class=\"OpDesc\">Is Selected<\/span> "},"Type":"If"},"Type":"BooleanExpression","inPage":false}}},{"SurveyID":"SV_7OJHqq1gm13yufc","Element":"SQ","PrimaryAttribute":"QID4","SecondaryAttribute":"Which device(s) did you use? (Select all that apply.)","TertiaryAttribute":null,"Payload":{"QuestionText":"Which device(s) did you use?&nbsp;(Select all that apply.)","DefaultChoices":false,"DataExportTag":"Q4","QuestionType":"MC","Selector":"MAVR","SubSelector":"TX","DataVisibility":{"Private":false,"Hidden":false},"Configuration":{"QuestionDescriptionOption":"UseText"},"QuestionDescription":"Which device(s) did you use? (Select all that apply.)","Choices":{"1":{"Display":"Phone"},"2":{"Display":"Tablet"},"3":{"Display":"Computer or laptop"},"4":{"Display":"TV"},"5":{"Display":"Game console"},"6":{"Display":"Other (please specify)","TextEntry":"true","ExclusiveAnswer":true}},"ChoiceOrder":[1,2,3,4,5,6],"Validation":{"Settings":{"ForceResponse":"ON","ForceResponseType":"ON","Type":"None"}},"GradingData":[],"Language":[],"NextChoiceId":7,"NextAnswerId":1,"QuestionID":"QID4","DisplayLogic":{"0":{"0":{"LogicType":"Question","QuestionID":"QID1","QuestionIsInLoop":"no","ChoiceLocator":"q:\/\/QID1\/SelectableChoice\/1","Operator":"Selected","QuestionIDFromLocator":"QID1","LeftOperand":"q:\/\/QID1\/SelectableChoice\/1","Type":"Expression","Description":"<span class=\"ConjDesc\">If<\/span> <span class=\"LeftOpDesc\">Yes<\/span> <span class=\"OpDesc\">Is Selected<\/span> "},"Type":"If"},"Type":"BooleanExpression","inPage":false}}},{"SurveyID":"SV_7OJHqq1gm13yufc","Element":"SQ","PrimaryAttribute":"QID5","SecondaryAttribute":"Were you alone right before you received the push notification?","TertiaryAttribute":null,"Payload":{"QuestionText":"Were you alone right before you received the push notification?","DefaultChoices":false,"DataExportTag":"Q5","QuestionType":"MC","Selector":"SAVR","SubSelector":"TX","DataVisibility":{"Private":false,"Hidden":false},"Configuration":{"QuestionDescriptionOption":"UseText"},"QuestionDescription":"Were you alone right before you received the push notification?","Choices":{"1":{"Display":"Yes"},"2":{"Display":"No"}},"ChoiceOrder":[1,2],"Validation":{"Settings":{"ForceResponse":"ON","ForceResponseType":"ON","Type":"None"}},"GradingData":[],"Language":[],"NextChoiceId":3,"NextAnswerId":1,"QuestionID":"QID5"}},{"SurveyID":"SV_7OJHqq1gm13yufc","Element":"SQ","PrimaryAttribute":"QID6","SecondaryAttribute":"Who were you with right before you received the push notification? (Select all that apply.)","TertiaryAttribute":null,"Payload":{"QuestionText":"Who were you with right before you received the push notification?&nbsp;(Select all that apply.)","DefaultChoices":false,"DataExportTag":"Q6","QuestionType":"MC","Selector":"MAVR","SubSelector":"TX","DataVisibility":{"Private":false,"Hidden":false},"Configuration":{"QuestionDescriptionOption":"UseText"},"QuestionDescription":"Who were you with right before you received the push notification? (Select all that apply.)","Choices":{"1":{"Display":"Mom or dad"},"2":{"Display":"Brother(s) or sister(s)"},"3":{"Display":"Other Family members (cousin, aunts, uncles)"},"4":{"Display":"Friends"},"5":{"Display":"People you don\u2019t know"},"6":{"Display":"Other (please specify)","TextEntry":"true","ExclusiveAnswer":true}},"ChoiceOrder":[1,2,3,4,5,6],"Validation":{"Settings":{"ForceResponse":"ON","ForceResponseType":"ON","Type":"None"}},"GradingData":[],"Language":[],"NextChoiceId":7,"NextAnswerId":1,"QuestionID":"QID6","DisplayLogic":{"0":{"0":{"LogicType":"Question","QuestionID":"QID5","QuestionIsInLoop":"no","ChoiceLocator":"q:\/\/QID5\/SelectableChoice\/2","Operator":"Selected","QuestionIDFromLocator":"QID5","LeftOperand":"q:\/\/QID5\/SelectableChoice\/2","Type":"Expression","Description":"<span class=\"ConjDesc\">If<\/span> <span class=\"QuestionDesc\">Were you alone right before you received the push notification?<\/span> <span class=\"LeftOpDesc\">No<\/span> <span class=\"OpDesc\">Is Selected<\/span> "},"Type":"If"},"Type":"BooleanExpression","inPage":false}}},{"SurveyID":"SV_7OJHqq1gm13yufc","Element":"SQ","PrimaryAttribute":"QID7","SecondaryAttribute":"Where were you just before you received the push notification?","TertiaryAttribute":null,"Payload":{"QuestionText":"Where were you just before you received the push notification?","DefaultChoices":false,"DataExportTag":"Q7","QuestionType":"MC","Selector":"MAVR","SubSelector":"TX","DataVisibility":{"Private":false,"Hidden":false},"Configuration":{"QuestionDescriptionOption":"UseText"},"QuestionDescription":"Where were you just before you received the push notification?","Choices":{"1":{"Display":"Home-indoor"},"2":{"Display":"Home-outdoor"},"3":{"Display":"Car\/van\/truck"},"4":{"Display":"Outdoors not at home"},"5":{"Display":"Restaurant"},"6":{"Display":"Store\/mall"},"7":{"Display":"Someone else\u2019s house"},"8":{"Display":"Gym\/rec center"},"9":{"Display":"Someplace else (please specify)","TextEntry":"true","ExclusiveAnswer":true}},"ChoiceOrder":[1,2,3,4,5,6,7,8,9],"Validation":{"Settings":{"ForceResponse":"ON","ForceResponseType":"ON","Type":"None"}},"GradingData":[],"Language":[],"NextChoiceId":10,"NextAnswerId":1,"QuestionID":"QID7","AnalyzeChoices":{"9":"on"}}},{"SurveyID":"SV_7OJHqq1gm13yufc","Element":"STAT","PrimaryAttribute":"Survey Statistics","SecondaryAttribute":null,"TertiaryAttribute":null,"Payload":{"MobileCompatible":true,"ID":"Survey Statistics"}}]}